
Microsoft Visual Studio Solution File, Format Version 12.00
# Visual Studio Version 17
VisualStudioVersion = 17.9.34607.119
MinimumVisualStudioVersion = 10.0.40219.1
Project("{FAE04EC0-301F-11D3-BF4B-00C04F79EFBC}") = "FirstConsoleApp1", "FirstConsoleApp1\FirstConsoleApp1.csproj", "{94BB5537-E2F7-495A-B573-FBB9E826AA56}"
EndProject
Global
	GlobalSection(SolutionConfigurationPlatforms) = preSolution
		Debug|Any CPU = Debug|Any CPU
		Release|Any CPU = Release|Any CPU
	EndGlobalSection
	GlobalSection(ProjectConfigurationPlatforms) = postSolution
		{94BB5537-E2F7-495A-B573-FBB9E826AA56}.Debug|Any CPU.ActiveCfg = Debug|Any CPU
		{94BB5537-E2F7-495A-B573-FBB9E826AA56}.Debug|Any CPU.Build.0 = Debug|Any CPU
		{94BB5537-E2F7-495A-B573-FBB9E826AA56}.Release|Any CPU.ActiveCfg = Release|Any CPU
		{94BB5537-E2F7-495A-B573-FBB9E826AA56}.Release|Any CPU.Build.0 = Release|Any CPU
	EndGlobalSection
	GlobalSection(SolutionProperties) = preSolution
		HideSolutionNode = FALSE
	EndGlobalSection
	GlobalSection(ExtensibilityGlobals) = postSolution
		SolutionGuid = {F99C986C-D37F-43AB-83EE-254483F4B9E5}
	EndGlobalSection
EndGlobal
